// !$*UTF8*$!
{
	archiveVersion = 1;
	classes = {
	};
	objectVersion = 50;
	objects = {

/* Begin PBXBuildFile section */
		FF6119652696184100E38002 /* AppDelegate.swift in Sources */ = {isa = PBXBuildFile; fileRef = FF6119642696184100E38002 /* AppDelegate.swift */; };
		FF6119672696184100E38002 /* SceneDelegate.swift in Sources */ = {isa = PBXBuildFile; fileRef = FF6119662696184100E38002 /* SceneDelegate.swift */; };
		FF6119692696184100E38002 /* ViewController.swift in Sources */ = {isa = PBXBuildFile; fileRef = FF6119682696184100E38002 /* ViewController.swift */; };
		FF61196C2696184100E38002 /* Main.storyboard in Resources */ = {isa = PBXBuildFile; fileRef = FF61196A2696184100E38002 /* Main.storyboard */; };
		FF61196E2696184400E38002 /* Assets.xcassets in Resources */ = {isa = PBXBuildFile; fileRef = FF61196D2696184400E38002 /* Assets.xcassets */; };
		FF6119712696184400E38002 /* LaunchScreen.storyboard in Resources */ = {isa = PBXBuildFile; fileRef = FF61196F2696184400E38002 /* LaunchScreen.storyboard */; };
		FF61197C2696184500E38002 /* NavigationControllerTests.swift in Sources */ = {isa = PBXBuildFile; fileRef = FF61197B2696184500E38002 /* NavigationControllerTests.swift */; };
		FF6119872696184500E38002 /* NavigationControllerUITests.swift in Sources */ = {isa = PBXBuildFile; fileRef = FF6119862696184500E38002 /* NavigationControllerUITests.swift */; };
		FF6119952696192500E38002 /* SecondController.swift in Sources */ = {isa = PBXBuildFile; fileRef = FF6119942696192500E38002 /* SecondController.swift */; };
/* End PBXBuildFile section */

/* Begin PBXContainerItemProxy section */
		FF6119782696184500E38002 /* PBXContainerItemProxy */ = {
			isa = PBXContainerItemProxy;
			containerPortal = FF6119592696184100E38002 /* Project object */;
			proxyType = 1;
			remoteGlobalIDString = FF6119602696184100E38002;
			remoteInfo = NavigationController;
		};
		FF6119832696184500E38002 /* PBXContainerItemProxy */ = {
			isa = PBXContainerItemProxy;
			containerPortal = FF6119592696184100E38002 /* Project object */;
			proxyType = 1;
			remoteGlobalIDString = FF6119602696184100E38002;
			remoteInfo = NavigationController;
		};
/* End PBXContainerItemProxy section */

/* Begin PBXFileReference section */
		FF6119612696184100E38002 /* NavigationController.app */ = {isa = PBXFileReference; explicitFileType = wrapper.application; includeInIndex = 0; path = NavigationController.app; sourceTree = BUILT_PRODUCTS_DIR; };
		FF6119642696184100E38002 /* AppDelegate.swift */ = {isa = PBXFileReference; lastKnownFileType = sourcecode.swift; path = AppDelegate.swift; sourceTree = "<group>"; };
		FF6119662696184100E38002 /* SceneDelegate.swift */ = {isa = PBXFileReference; lastKnownFileType = sourcecode.swift; path = SceneDelegate.swift; sourceTree = "<group>"; };
		FF6119682696184100E38002 /* ViewController.swift */ = {isa = PBXFileReference; lastKnownFileType = sourcecode.swift; path = ViewController.swift; sourceTree = "<group>"; };
		FF61196B2696184100E38002 /* Base */ = {isa = PBXFileReference; lastKnownFileType = file.storyboard; name = Base; path = Base.lproj/Main.storyboard; sourceTree = "<group>"; };
		FF61196D2696184400E38002 /* Assets.xcassets */ = {isa = PBXFileReference; lastKnownFileType = folder.assetcatalog; path = Assets.xcassets; sourceTree = "<group>"; };
		FF6119702696184400E38002 /* Base */ = {isa = PBXFileReference; lastKnownFileType = file.storyboard; name = Base; path = Base.lproj/LaunchScreen.storyboard; sourceTree = "<group>"; };
		FF6119722696184400E38002 /* Info.plist */ = {isa = PBXFileReference; lastKnownFileType = text.plist.xml; path = Info.plist; sourceTree = "<group>"; };
		FF6119772696184500E38002 /* NavigationControllerTests.xctest */ = {isa = PBXFileReference; explicitFileType = wrapper.cfbundle; includeInIndex = 0; path = NavigationControllerTests.xctest; sourceTree = BUILT_PRODUCTS_DIR; };
		FF61197B2696184500E38002 /* NavigationControllerTests.swift */ = {isa = PBXFileReference; lastKnownFileType = sourcecode.swift; path = NavigationControllerTests.swift; sourceTree = "<group>"; };
		FF61197D2696184500E38002 /* Info.plist */ = {isa = PBXFileReference; lastKnownFileType = text.plist.xml; path = Info.plist; sourceTree = "<group>"; };
		FF6119822696184500E38002 /* NavigationControllerUITests.xctest */ = {isa = PBXFileReference; explicitFileType = wrapper.cfbundle; includeInIndex = 0; path = NavigationControllerUITests.xctest; sourceTree = BUILT_PRODUCTS_DIR; };
		FF6119862696184500E38002 /* NavigationControllerUITests.swift */ = {isa = PBXFileReference; lastKnownFileType = sourcecode.swift; path = NavigationControllerUITests.swift; sourceTree = "<group>"; };
		FF6119882696184500E38002 /* Info.plist */ = {isa = PBXFileReference; lastKnownFileType = text.plist.xml; path = Info.plist; sourceTree = "<group>"; };
		FF6119942696192500E38002 /* SecondController.swift */ = {isa = PBXFileReference; lastKnownFileType = sourcecode.swift; path = SecondController.swift; sourceTree = "<group>"; };
/* End PBXFileReference section */

/* Begin PBXFrameworksBuildPhase section */
		FF61195E2696184100E38002 /* Frameworks */ = {
			isa = PBXFrameworksBuildPhase;
			buildActionMask = 2147483647;
			files = (
			);
			runOnlyForDeploymentPostprocessing = 0;
		};
		FF6119742696184500E38002 /* Frameworks */ = {
			isa = PBXFrameworksBuildPhase;
			buildActionMask = 2147483647;
			files = (
			);
			runOnlyForDeploymentPostprocessing = 0;
		};
		FF61197F2696184500E38002 /* Frameworks */ = {
			isa = PBXFrameworksBuildPhase;
			buildActionMask = 2147483647;
			files = (
			);
			runOnlyForDeploymentPostprocessing = 0;
		};
/* End PBXFrameworksBuildPhase section */

/* Begin PBXGroup section */
		FF6119582696184100E38002 = {
			isa = PBXGroup;
			children = (
				FF6119632696184100E38002 /* NavigationController */,
				FF61197A2696184500E38002 /* NavigationControllerTests */,
				FF6119852696184500E38002 /* NavigationControllerUITests */,
				FF6119622696184100E38002 /* Products */,
			);
			sourceTree = "<group>";
		};
		FF6119622696184100E38002 /* Products */ = {
			isa = PBXGroup;
			children = (
				FF6119612696184100E38002 /* NavigationController.app */,
				FF6119772696184500E38002 /* NavigationControllerTests.xctest */,
				FF6119822696184500E38002 /* NavigationControllerUITests.xctest */,
			);
			name = Products;
			sourceTree = "<group>";
		};
		FF6119632696184100E38002 /* NavigationController */ = {
			isa = PBXGroup;
			children = (
				FF6119642696184100E38002 /* AppDelegate.swift */,
				FF6119662696184100E38002 /* SceneDelegate.swift */,
				FF6119682696184100E38002 /* ViewController.swift */,
				FF61196A2696184100E38002 /* Main.storyboard */,
				FF61196D2696184400E38002 /* Assets.xcassets */,
				FF61196F2696184400E38002 /* LaunchScreen.storyboard */,
				FF6119722696184400E38002 /* Info.plist */,
				FF6119942696192500E38002 /* SecondController.swift */,
			);
			path = NavigationController;
			sourceTree = "<group>";
		};
		FF61197A2696184500E38002 /* NavigationControllerTests */ = {
			isa = PBXGroup;
			children = (
				FF61197B2696184500E38002 /* NavigationControllerTests.swift */,
				FF61197D2696184500E38002 /* Info.plist */,
			);
			path = NavigationControllerTests;
			sourceTree = "<group>";
		};
		FF6119852696184500E38002 /* NavigationControllerUITests */ = {
			isa = PBXGroup;
			children = (
				FF6119862696184500E38002 /* NavigationControllerUITests.swift */,
				FF6119882696184500E38002 /* Info.plist */,
			);
			path = NavigationControllerUITests;
			sourceTree = "<group>";
		};
/* End PBXGroup section */

/* Begin PBXNativeTarget section */
		FF6119602696184100E38002 /* NavigationController */ = {
			isa = PBXNativeTarget;
			buildConfigurationList = FF61198B2696184500E38002 /* Build configuration list for PBXNativeTarget "NavigationController" */;
			buildPhases = (
				FF61195D2696184100E38002 /* Sources */,
				FF61195E2696184100E38002 /* Frameworks */,
				FF61195F2696184100E38002 /* Resources */,
			);
			buildRules = (
			);
			dependencies = (
			);
			name = NavigationController;
			productName = NavigationController;
			productReference = FF6119612696184100E38002 /* NavigationController.app */;
			productType = "com.apple.product-type.application";
		};
		FF6119762696184500E38002 /* NavigationControllerTests */ = {
			isa = PBXNativeTarget;
			buildConfigurationList = FF61198E2696184500E38002 /* Build configuration list for PBXNativeTarget "NavigationControllerTests" */;
			buildPhases = (
				FF6119732696184500E38002 /* Sources */,
				FF6119742696184500E38002 /* Frameworks */,
				FF6119752696184500E38002 /* Resources */,
			);
			buildRules = (
			);
			dependencies = (
				FF6119792696184500E38002 /* PBXTargetDependency */,
			);
			name = NavigationControllerTests;
			productName = NavigationControllerTests;
			productReference = FF6119772696184500E38002 /* NavigationControllerTests.xctest */;
			productType = "com.apple.product-type.bundle.unit-test";
		};
		FF6119812696184500E38002 /* NavigationControllerUITests */ = {
			isa = PBXNativeTarget;
			buildConfigurationList = FF6119912696184500E38002 /* Build configuration list for PBXNativeTarget "NavigationControllerUITests" */;
			buildPhases = (
				FF61197E2696184500E38002 /* Sources */,
				FF61197F2696184500E38002 /* Frameworks */,
				FF6119802696184500E38002 /* Resources */,
			);
			buildRules = (
			);
			dependencies = (
				FF6119842696184500E38002 /* PBXTargetDependency */,
			);
			name = NavigationControllerUITests;
			productName = NavigationControllerUITests;
			productReference = FF6119822696184500E38002 /* NavigationControllerUITests.xctest */;
			productType = "com.apple.product-type.bundle.ui-testing";
		};
/* End PBXNativeTarget section */

/* Begin PBXProject section */
		FF6119592696184100E38002 /* Project object */ = {
			isa = PBXProject;
			attributes = {
				LastSwiftUpdateCheck = 1250;
				LastUpgradeCheck = 1250;
				TargetAttributes = {
					FF6119602696184100E38002 = {
						CreatedOnToolsVersion = 12.5;
					};
					FF6119762696184500E38002 = {
						CreatedOnToolsVersion = 12.5;
						TestTargetID = FF6119602696184100E38002;
					};
					FF6119812696184500E38002 = {
						CreatedOnToolsVersion = 12.5;
						TestTargetID = FF6119602696184100E38002;
					};
				};
			};
			buildConfigurationList = FF61195C2696184100E38002 /* Build configuration list for PBXProject "NavigationController" */;
			compatibilityVersion = "Xcode 9.3";
			developmentRegion = en;
			hasScannedForEncodings = 0;
			knownRegions = (
				en,
				Base,
			);
			mainGroup = FF6119582696184100E38002;
			productRefGroup = FF6119622696184100E38002 /* Products */;
			projectDirPath = "";
			projectRoot = "";
			targets = (
				FF6119602696184100E38002 /* NavigationController */,
				FF6119762696184500E38002 /* NavigationControllerTests */,
				FF6119812696184500E38002 /* NavigationControllerUITests */,
			);
		};
/* End PBXProject section */

/* Begin PBXResourcesBuildPhase section */
		FF61195F2696184100E38002 /* Resources */ = {
			isa = PBXResourcesBuildPhase;
			buildActionMask = 2147483647;
			files = (
				FF6119712696184400E38002 /* LaunchScreen.storyboard in Resources */,
				FF61196E2696184400E38002 /* Assets.xcassets in Resources */,
				FF61196C2696184100E38002 /* Main.storyboard in Resources */,
			);
			runOnlyForDeploymentPostprocessing = 0;
		};
		FF6119752696184500E38002 /* Resources */ = {
			isa = PBXResourcesBuildPhase;
			buildActionMask = 2147483647;
			files = (
			);
			runOnlyForDeploymentPostprocessing = 0;
		};
		FF6119802696184500E38002 /* Resources */ = {
			isa = PBXResourcesBuildPhase;
			buildActionMask = 2147483647;
			files = (
			);
			runOnlyForDeploymentPostprocessing = 0;
		};
/* End PBXResourcesBuildPhase section */

/* Begin PBXSourcesBuildPhase section */
		FF61195D2696184100E38002 /* Sources */ = {
			isa = PBXSourcesBuildPhase;
			buildActionMask = 2147483647;
			files = (
				FF6119692696184100E38002 /* ViewController.swift in Sources */,
				FF6119952696192500E38002 /* SecondController.swift in Sources */,
				FF6119652696184100E38002 /* AppDelegate.swift in Sources */,
				FF6119672696184100E38002 /* SceneDelegate.swift in Sources */,
			);
			runOnlyForDeploymentPostprocessing = 0;
		};
		FF6119732696184500E38002 /* Sources */ = {
			isa = PBXSourcesBuildPhase;
			buildActionMask = 2147483647;
			files = (
				FF61197C2696184500E38002 /* NavigationControllerTests.swift in Sources */,
			);
			runOnlyForDeploymentPostprocessing = 0;
		};
		FF61197E2696184500E38002 /* Sources */ = {
			isa = PBXSourcesBuildPhase;
			buildActionMask = 2147483647;
			files = (
				FF6119872696184500E38002 /* NavigationControllerUITests.swift in Sources */,
			);
			runOnlyForDeploymentPostprocessing = 0;
		};
/* End PBXSourcesBuildPhase section */

/* Begin PBXTargetDependency section */
		FF6119792696184500E38002 /* PBXTargetDependency */ = {
			isa = PBXTargetDependency;
			target = FF6119602696184100E38002 /* NavigationController */;
			targetProxy = FF6119782696184500E38002 /* PBXContainerItemProxy */;
		};
		FF6119842696184500E38002 /* PBXTargetDependency */ = {
			isa = PBXTargetDependency;
			target = FF6119602696184100E38002 /* NavigationController */;
			targetProxy = FF6119832696184500E38002 /* PBXContainerItemProxy */;
		};
/* End PBXTargetDependency section */

/* Begin PBXVariantGroup section */
		FF61196A2696184100E38002 /* Main.storyboard */ = {
			isa = PBXVariantGroup;
			children = (
				FF61196B2696184100E38002 /* Base */,
			);
			name = Main.storyboard;
			sourceTree = "<group>";
		};
		FF61196F2696184400E38002 /* LaunchScreen.storyboard */ = {
			isa = PBXVariantGroup;
			children = (
				FF6119702696184400E38002 /* Base */,
			);
			name = LaunchScreen.storyboard;
			sourceTree = "<group>";
		};
/* End PBXVariantGroup section */

/* Begin XCBuildConfiguration section */
		FF6119892696184500E38002 /* Debug */ = {
			isa = XCBuildConfiguration;
			buildSettings = {
				ALWAYS_SEARCH_USER_PATHS = NO;
				CLANG_ANALYZER_NONNULL = YES;
				CLANG_ANALYZER_NUMBER_OBJECT_CONVERSION = YES_AGGRESSIVE;
				CLANG_CXX_LANGUAGE_STANDARD = "gnu++14";
				CLANG_CXX_LIBRARY = "libc++";
				CLANG_ENABLE_MODULES = YES;
				CLANG_ENABLE_OBJC_ARC = YES;
				CLANG_ENABLE_OBJC_WEAK = YES;
				CLANG_WARN_BLOCK_CAPTURE_AUTORELEASING = YES;
				CLANG_WARN_BOOL_CONVERSION = YES;
				CLANG_WARN_COMMA = YES;
				CLANG_WARN_CONSTANT_CONVERSION = YES;
				CLANG_WARN_DEPRECATED_OBJC_IMPLEMENTATIONS = YES;
				CLANG_WARN_DIRECT_OBJC_ISA_USAGE = YES_ERROR;
				CLANG_WARN_DOCUMENTATION_COMMENTS = YES;
				CLANG_WARN_EMPTY_BODY = YES;
				CLANG_WARN_ENUM_CONVERSION = YES;
				CLANG_WARN_INFINITE_RECURSION = YES;
				CLANG_WARN_INT_CONVERSION = YES;
				CLANG_WARN_NON_LITERAL_NULL_CONVERSION = YES;
				CLANG_WARN_OBJC_IMPLICIT_RETAIN_SELF = YES;
				CLANG_WARN_OBJC_LITERAL_CONVERSION = YES;
				CLANG_WARN_OBJC_ROOT_CLASS = YES_ERROR;
				CLANG_WARN_QUOTED_INCLUDE_IN_FRAMEWORK_HEADER = YES;
				CLANG_WARN_RANGE_LOOP_ANALYSIS = YES;
				CLANG_WARN_STRICT_PROTOTYPES = YES;
				CLANG_WARN_SUSPICIOUS_MOVE = YES;
				CLANG_WARN_UNGUARDED_AVAILABILITY = YES_AGGRESSIVE;
				CLANG_WARN_UNREACHABLE_CODE = YES;
				CLANG_WARN__DUPLICATE_METHOD_MATCH = YES;
				COPY_PHASE_STRIP = NO;
				DEBUG_INFORMATION_FORMAT = dwarf;
				ENABLE_STRICT_OBJC_MSGSEND = YES;
				ENABLE_TESTABILITY = YES;
				GCC_C_LANGUAGE_STANDARD = gnu11;
				GCC_DYNAMIC_NO_PIC = NO;
				GCC_NO_COMMON_BLOCKS = YES;
				GCC_OPTIMIZATION_LEVEL = 0;
				GCC_PREPROCESSOR_DEFINITIONS = (
					"DEBUG=1",
					"$(inherited)",
				);
				GCC_WARN_64_TO_32_BIT_CONVERSION = YES;
				GCC_WARN_ABOUT_RETURN_TYPE = YES_ERROR;
				GCC_WARN_UNDECLARED_SELECTOR = YES;
				GCC_WARN_UNINITIALIZED_AUTOS = YES_AGGRESSIVE;
				GCC_WARN_UNUSED_FUNCTION = YES;
				GCC_WARN_UNUSED_VARIABLE = YES;
				IPHONEOS_DEPLOYMENT_TARGET = 14.5;
				MTL_ENABLE_DEBUG_INFO = INCLUDE_SOURCE;
				MTL_FAST_MATH = YES;
				ONLY_ACTIVE_ARCH = YES;
				SDKROOT = iphoneos;
				SWIFT_ACTIVE_COMPILATION_CONDITIONS = DEBUG;
				SWIFT_OPTIMIZATION_LEVEL = "-Onone";
			};
			name = Debug;
		};
		FF61198A2696184500E38002 /* Release */ = {
			isa = XCBuildConfiguration;
			buildSettings = {
				ALWAYS_SEARCH_USER_PATHS = NO;
				CLANG_ANALYZER_NONNULL = YES;
				CLANG_ANALYZER_NUMBER_OBJECT_CONVERSION = YES_AGGRESSIVE;
				CLANG_CXX_LANGUAGE_STANDARD = "gnu++14";
				CLANG_CXX_LIBRARY = "libc++";
				CLANG_ENABLE_MODULES = YES;
				CLANG_ENABLE_OBJC_ARC = YES;
				CLANG_ENABLE_OBJC_WEAK = YES;
				CLANG_WARN_BLOCK_CAPTURE_AUTORELEASING = YES;
				CLANG_WARN_BOOL_CONVERSION = YES;
				CLANG_WARN_COMMA = YES;
				CLANG_WARN_CONSTANT_CONVERSION = YES;
				CLANG_WARN_DEPRECATED_OBJC_IMPLEMENTATIONS = YES;
				CLANG_WARN_DIRECT_OBJC_ISA_USAGE = YES_ERROR;
				CLANG_WARN_DOCUMENTATION_COMMENTS = YES;
				CLANG_WARN_EMPTY_BODY = YES;
				CLANG_WARN_ENUM_CONVERSION = YES;
				CLANG_WARN_INFINITE_RECURSION = YES;
				CLANG_WARN_INT_CONVERSION = YES;
				CLANG_WARN_NON_LITERAL_NULL_CONVERSION = YES;
				CLANG_WARN_OBJC_IMPLICIT_RETAIN_SELF = YES;
				CLANG_WARN_OBJC_LITERAL_CONVERSION = YES;
				CLANG_WARN_OBJC_ROOT_CLASS = YES_ERROR;
				CLANG_WARN_QUOTED_INCLUDE_IN_FRAMEWORK_HEADER = YES;
				CLANG_WARN_RANGE_LOOP_ANALYSIS = YES;
				CLANG_WARN_STRICT_PROTOTYPES = YES;
				CLANG_WARN_SUSPICIOUS_MOVE = YES;
				CLANG_WARN_UNGUARDED_AVAILABILITY = YES_AGGRESSIVE;
				CLANG_WARN_UNREACHABLE_CODE = YES;
				CLANG_WARN__DUPLICATE_METHOD_MATCH = YES;
				COPY_PHASE_STRIP = NO;
				DEBUG_INFORMATION_FORMAT = "dwarf-with-dsym";
				ENABLE_NS_ASSERTIONS = NO;
				ENABLE_STRICT_OBJC_MSGSEND = YES;
				GCC_C_LANGUAGE_STANDARD = gnu11;
				GCC_NO_COMMON_BLOCKS = YES;
				GCC_WARN_64_TO_32_BIT_CONVERSION = YES;
				GCC_WARN_ABOUT_RETURN_TYPE = YES_ERROR;
				GCC_WARN_UNDECLARED_SELECTOR = YES;
				GCC_WARN_UNINITIALIZED_AUTOS = YES_AGGRESSIVE;
				GCC_WARN_UNUSED_FUNCTION = YES;
				GCC_WARN_UNUSED_VARIABLE = YES;
				IPHONEOS_DEPLOYMENT_TARGET = 14.5;
				MTL_ENABLE_DEBUG_INFO = NO;
				MTL_FAST_MATH = YES;
				SDKROOT = iphoneos;
				SWIFT_COMPILATION_MODE = wholemodule;
				SWIFT_OPTIMIZATION_LEVEL = "-O";
				VALIDATE_PRODUCT = YES;
			};
			name = Release;
		};
		FF61198C2696184500E38002 /* Debug */ = {
			isa = XCBuildConfiguration;
			buildSettings = {
				ASSETCATALOG_COMPILER_APPICON_NAME = AppIcon;
				ASSETCATALOG_COMPILER_GLOBAL_ACCENT_COLOR_NAME = AccentColor;
				CODE_SIGN_STYLE = Automatic;
				DEVELOPMENT_TEAM = LQHW9B89QF;
				INFOPLIST_FILE = NavigationController/Info.plist;
				LD_RUNPATH_SEARCH_PATHS = (
					"$(inherited)",
					"@executable_path/Frameworks",
				);
				PRODUCT_BUNDLE_IDENTIFIER = com.bts.NavigationController;
				PRODUCT_NAME = "$(TARGET_NAME)";
				SWIFT_VERSION = 5.0;
				TARGETED_DEVICE_FAMILY = "1,2";
			};
			name = Debug;
		};
		FF61198D2696184500E38002 /* Release */ = {
			isa = XCBuildConfiguration;
			buildSettings = {
				ASSETCATALOG_COMPILER_APPICON_NAME = AppIcon;
				ASSETCATALOG_COMPILER_GLOBAL_ACCENT_COLOR_NAME = AccentColor;
				CODE_SIGN_STYLE = Automatic;
				DEVELOPMENT_TEAM = LQHW9B89QF;
				INFOPLIST_FILE = NavigationController/Info.plist;
				LD_RUNPATH_SEARCH_PATHS = (
					"$(inherited)",
					"@executable_path/Frameworks",
				);
				PRODUCT_BUNDLE_IDENTIFIER = com.bts.NavigationController;
				PRODUCT_NAME = "$(TARGET_NAME)";
				SWIFT_VERSION = 5.0;
				TARGETED_DEVICE_FAMILY = "1,2";
			};
			name = Release;
		};
		FF61198F2696184500E38002 /* Debug */ = {
			isa = XCBuildConfiguration;
			buildSettings = {
				ALWAYS_EMBED_SWIFT_STANDARD_LIBRARIES = YES;
				BUNDLE_LOADER = "$(TEST_HOST)";
				CODE_SIGN_STYLE = Automatic;
				DEVELOPMENT_TEAM = LQHW9B89QF;
				INFOPLIST_FILE = NavigationControllerTests/Info.plist;
				IPHONEOS_DEPLOYMENT_TARGET = 14.5;
				LD_RUNPATH_SEARCH_PATHS = (
					"$(inherited)",
					"@executable_path/Frameworks",
					"@loader_path/Frameworks",
				);
				PRODUCT_BUNDLE_IDENTIFIER = com.bts.NavigationControllerTests;
				PRODUCT_NAME = "$(TARGET_NAME)";
				SWIFT_VERSION = 5.0;
				TARGETED_DEVICE_FAMILY = "1,2";
				TEST_HOST = "$(BUILT_PRODUCTS_DIR)/NavigationController.app/NavigationController";
			};
			name = Debug;
		};
		FF6119902696184500E38002 /* Release */ = {
			isa = XCBuildConfiguration;
			buildSettings = {
				ALWAYS_EMBED_SWIFT_STANDARD_LIBRARIES = YES;
				BUNDLE_LOADER = "$(TEST_HOST)";
				CODE_SIGN_STYLE = Automatic;
				DEVELOPMENT_TEAM = LQHW9B89QF;
				INFOPLIST_FILE = NavigationControllerTests/Info.plist;
				IPHONEOS_DEPLOYMENT_TARGET = 14.5;
				LD_RUNPATH_SEARCH_PATHS = (
					"$(inherited)",
					"@executable_path/Frameworks",
					"@loader_path/Frameworks",
				);
				PRODUCT_BUNDLE_IDENTIFIER = com.bts.NavigationControllerTests;
				PRODUCT_NAME = "$(TARGET_NAME)";
				SWIFT_VERSION = 5.0;
				TARGETED_DEVICE_FAMILY = "1,2";
				TEST_HOST = "$(BUILT_PRODUCTS_DIR)/NavigationController.app/NavigationController";
			};
			name = Release;
		};
		FF6119922696184500E38002 /* Debug */ = {
			isa = XCBuildConfiguration;
			buildSettings = {
				ALWAYS_EMBED_SWIFT_STANDARD_LIBRARIES = YES;
				CODE_SIGN_STYLE = Automatic;
				DEVELOPMENT_TEAM = LQHW9B89QF;
				INFOPLIST_FILE = NavigationControllerUITests/Info.plist;
				LD_RUNPATH_SEARCH_PATHS = (
					"$(inherited)",
					"@executable_path/Frameworks",
					"@loader_path/Frameworks",
				);
				PRODUCT_BUNDLE_IDENTIFIER = com.bts.NavigationControllerUITests;
				PRODUCT_NAME = "$(TARGET_NAME)";
				SWIFT_VERSION = 5.0;
				TARGETED_DEVICE_FAMILY = "1,2";
				TEST_TARGET_NAME = NavigationController;
			};
			name = Debug;
		};
		FF6119932696184500E38002 /* Release */ = {
			isa = XCBuildConfiguration;
			buildSettings = {
				ALWAYS_EMBED_SWIFT_STANDARD_LIBRARIES = YES;
				CODE_SIGN_STYLE = Automatic;
				DEVELOPMENT_TEAM = LQHW9B89QF;
				INFOPLIST_FILE = NavigationControllerUITests/Info.plist;
				LD_RUNPATH_SEARCH_PATHS = (
					"$(inherited)",
					"@executable_path/Frameworks",
					"@loader_path/Frameworks",
				);
				PRODUCT_BUNDLE_IDENTIFIER = com.bts.NavigationControllerUITests;
				PRODUCT_NAME = "$(TARGET_NAME)";
				SWIFT_VERSION = 5.0;
				TARGETED_DEVICE_FAMILY = "1,2";
				TEST_TARGET_NAME = NavigationController;
			};
			name = Release;
		};
/* End XCBuildConfiguration section */

/* Begin XCConfigurationList section */
		FF61195C2696184100E38002 /* Build configuration list for PBXProject "NavigationController" */ = {
			isa = XCConfigurationList;
			buildConfigurations = (
				FF6119892696184500E38002 /* Debug */,
				FF61198A2696184500E38002 /* Release */,
			);
			defaultConfigurationIsVisible = 0;
			defaultConfigurationName = Release;
		};
		FF61198B2696184500E38002 /* Build configuration list for PBXNativeTarget "NavigationController" */ = {
			isa = XCConfigurationList;
			buildConfigurations = (
				FF61198C2696184500E38002 /* Debug */,
				FF61198D2696184500E38002 /* Release */,
			);
			defaultConfigurationIsVisible = 0;
			defaultConfigurationName = Release;
		};
		FF61198E2696184500E38002 /* Build configuration list for PBXNativeTarget "NavigationControllerTests" */ = {
			isa = XCConfigurationList;
			buildConfigurations = (
				FF61198F2696184500E38002 /* Debug */,
				FF6119902696184500E38002 /* Release */,
			);
			defaultConfigurationIsVisible = 0;
			defaultConfigurationName = Release;
		};
		FF6119912696184500E38002 /* Build configuration list for PBXNativeTarget "NavigationControllerUITests" */ = {
			isa = XCConfigurationList;
			buildConfigurations = (
				FF6119922696184500E38002 /* Debug */,
				FF6119932696184500E38002 /* Release */,
			);
			defaultConfigurationIsVisible = 0;
			defaultConfigurationName = Release;
		};
/* End XCConfigurationList section */
	};
	rootObject = FF6119592696184100E38002 /* Project object */;
}
