// !$*UTF8*$!
{
	archiveVersion = 1;
	classes = {
	};
	objectVersion = 50;
	objects = {

/* Begin PBXBuildFile section */
		FF9D44012641C6BF0063DA29 /* AppDelegate.swift in Sources */ = {isa = PBXBuildFile; fileRef = FF9D44002641C6BF0063DA29 /* AppDelegate.swift */; };
		FF9D44032641C6BF0063DA29 /* SceneDelegate.swift in Sources */ = {isa = PBXBuildFile; fileRef = FF9D44022641C6BF0063DA29 /* SceneDelegate.swift */; };
		FF9D44052641C6BF0063DA29 /* ViewController.swift in Sources */ = {isa = PBXBuildFile; fileRef = FF9D44042641C6BF0063DA29 /* ViewController.swift */; };
		FF9D44082641C6BF0063DA29 /* Main.storyboard in Resources */ = {isa = PBXBuildFile; fileRef = FF9D44062641C6BF0063DA29 /* Main.storyboard */; };
		FF9D440A2641C6C20063DA29 /* Assets.xcassets in Resources */ = {isa = PBXBuildFile; fileRef = FF9D44092641C6C20063DA29 /* Assets.xcassets */; };
		FF9D440D2641C6C20063DA29 /* LaunchScreen.storyboard in Resources */ = {isa = PBXBuildFile; fileRef = FF9D440B2641C6C20063DA29 /* LaunchScreen.storyboard */; };
		FF9D44182641C6C20063DA29 /* l_sscreenTests.swift in Sources */ = {isa = PBXBuildFile; fileRef = FF9D44172641C6C20063DA29 /* l_sscreenTests.swift */; };
		FF9D44232641C6C20063DA29 /* l_sscreenUITests.swift in Sources */ = {isa = PBXBuildFile; fileRef = FF9D44222641C6C20063DA29 /* l_sscreenUITests.swift */; };
/* End PBXBuildFile section */

/* Begin PBXContainerItemProxy section */
		FF9D44142641C6C20063DA29 /* PBXContainerItemProxy */ = {
			isa = PBXContainerItemProxy;
			containerPortal = FF9D43F52641C6BF0063DA29 /* Project object */;
			proxyType = 1;
			remoteGlobalIDString = FF9D43FC2641C6BF0063DA29;
			remoteInfo = "l&sscreen";
		};
		FF9D441F2641C6C20063DA29 /* PBXContainerItemProxy */ = {
			isa = PBXContainerItemProxy;
			containerPortal = FF9D43F52641C6BF0063DA29 /* Project object */;
			proxyType = 1;
			remoteGlobalIDString = FF9D43FC2641C6BF0063DA29;
			remoteInfo = "l&sscreen";
		};
/* End PBXContainerItemProxy section */

/* Begin PBXFileReference section */
		FF9D43FD2641C6BF0063DA29 /* l&sscreen.app */ = {isa = PBXFileReference; explicitFileType = wrapper.application; includeInIndex = 0; path = "l&sscreen.app"; sourceTree = BUILT_PRODUCTS_DIR; };
		FF9D44002641C6BF0063DA29 /* AppDelegate.swift */ = {isa = PBXFileReference; lastKnownFileType = sourcecode.swift; path = AppDelegate.swift; sourceTree = "<group>"; };
		FF9D44022641C6BF0063DA29 /* SceneDelegate.swift */ = {isa = PBXFileReference; lastKnownFileType = sourcecode.swift; path = SceneDelegate.swift; sourceTree = "<group>"; };
		FF9D44042641C6BF0063DA29 /* ViewController.swift */ = {isa = PBXFileReference; lastKnownFileType = sourcecode.swift; path = ViewController.swift; sourceTree = "<group>"; };
		FF9D44072641C6BF0063DA29 /* Base */ = {isa = PBXFileReference; lastKnownFileType = file.storyboard; name = Base; path = Base.lproj/Main.storyboard; sourceTree = "<group>"; };
		FF9D44092641C6C20063DA29 /* Assets.xcassets */ = {isa = PBXFileReference; lastKnownFileType = folder.assetcatalog; path = Assets.xcassets; sourceTree = "<group>"; };
		FF9D440C2641C6C20063DA29 /* Base */ = {isa = PBXFileReference; lastKnownFileType = file.storyboard; name = Base; path = Base.lproj/LaunchScreen.storyboard; sourceTree = "<group>"; };
		FF9D440E2641C6C20063DA29 /* Info.plist */ = {isa = PBXFileReference; lastKnownFileType = text.plist.xml; path = Info.plist; sourceTree = "<group>"; };
		FF9D44132641C6C20063DA29 /* l&sscreenTests.xctest */ = {isa = PBXFileReference; explicitFileType = wrapper.cfbundle; includeInIndex = 0; path = "l&sscreenTests.xctest"; sourceTree = BUILT_PRODUCTS_DIR; };
		FF9D44172641C6C20063DA29 /* l_sscreenTests.swift */ = {isa = PBXFileReference; lastKnownFileType = sourcecode.swift; path = l_sscreenTests.swift; sourceTree = "<group>"; };
		FF9D44192641C6C20063DA29 /* Info.plist */ = {isa = PBXFileReference; lastKnownFileType = text.plist.xml; path = Info.plist; sourceTree = "<group>"; };
		FF9D441E2641C6C20063DA29 /* l&sscreenUITests.xctest */ = {isa = PBXFileReference; explicitFileType = wrapper.cfbundle; includeInIndex = 0; path = "l&sscreenUITests.xctest"; sourceTree = BUILT_PRODUCTS_DIR; };
		FF9D44222641C6C20063DA29 /* l_sscreenUITests.swift */ = {isa = PBXFileReference; lastKnownFileType = sourcecode.swift; path = l_sscreenUITests.swift; sourceTree = "<group>"; };
		FF9D44242641C6C20063DA29 /* Info.plist */ = {isa = PBXFileReference; lastKnownFileType = text.plist.xml; path = Info.plist; sourceTree = "<group>"; };
/* End PBXFileReference section */

/* Begin PBXFrameworksBuildPhase section */
		FF9D43FA2641C6BF0063DA29 /* Frameworks */ = {
			isa = PBXFrameworksBuildPhase;
			buildActionMask = 2147483647;
			files = (
			);
			runOnlyForDeploymentPostprocessing = 0;
		};
		FF9D44102641C6C20063DA29 /* Frameworks */ = {
			isa = PBXFrameworksBuildPhase;
			buildActionMask = 2147483647;
			files = (
			);
			runOnlyForDeploymentPostprocessing = 0;
		};
		FF9D441B2641C6C20063DA29 /* Frameworks */ = {
			isa = PBXFrameworksBuildPhase;
			buildActionMask = 2147483647;
			files = (
			);
			runOnlyForDeploymentPostprocessing = 0;
		};
/* End PBXFrameworksBuildPhase section */

/* Begin PBXGroup section */
		FF9D43F42641C6BF0063DA29 = {
			isa = PBXGroup;
			children = (
				FF9D43FF2641C6BF0063DA29 /* l&sscreen */,
				FF9D44162641C6C20063DA29 /* l&sscreenTests */,
				FF9D44212641C6C20063DA29 /* l&sscreenUITests */,
				FF9D43FE2641C6BF0063DA29 /* Products */,
			);
			sourceTree = "<group>";
		};
		FF9D43FE2641C6BF0063DA29 /* Products */ = {
			isa = PBXGroup;
			children = (
				FF9D43FD2641C6BF0063DA29 /* l&sscreen.app */,
				FF9D44132641C6C20063DA29 /* l&sscreenTests.xctest */,
				FF9D441E2641C6C20063DA29 /* l&sscreenUITests.xctest */,
			);
			name = Products;
			sourceTree = "<group>";
		};
		FF9D43FF2641C6BF0063DA29 /* l&sscreen */ = {
			isa = PBXGroup;
			children = (
				FF9D44002641C6BF0063DA29 /* AppDelegate.swift */,
				FF9D44022641C6BF0063DA29 /* SceneDelegate.swift */,
				FF9D44042641C6BF0063DA29 /* ViewController.swift */,
				FF9D44062641C6BF0063DA29 /* Main.storyboard */,
				FF9D44092641C6C20063DA29 /* Assets.xcassets */,
				FF9D440B2641C6C20063DA29 /* LaunchScreen.storyboard */,
				FF9D440E2641C6C20063DA29 /* Info.plist */,
			);
			path = "l&sscreen";
			sourceTree = "<group>";
		};
		FF9D44162641C6C20063DA29 /* l&sscreenTests */ = {
			isa = PBXGroup;
			children = (
				FF9D44172641C6C20063DA29 /* l_sscreenTests.swift */,
				FF9D44192641C6C20063DA29 /* Info.plist */,
			);
			path = "l&sscreenTests";
			sourceTree = "<group>";
		};
		FF9D44212641C6C20063DA29 /* l&sscreenUITests */ = {
			isa = PBXGroup;
			children = (
				FF9D44222641C6C20063DA29 /* l_sscreenUITests.swift */,
				FF9D44242641C6C20063DA29 /* Info.plist */,
			);
			path = "l&sscreenUITests";
			sourceTree = "<group>";
		};
/* End PBXGroup section */

/* Begin PBXNativeTarget section */
		FF9D43FC2641C6BF0063DA29 /* l&sscreen */ = {
			isa = PBXNativeTarget;
			buildConfigurationList = FF9D44272641C6C20063DA29 /* Build configuration list for PBXNativeTarget "l&sscreen" */;
			buildPhases = (
				FF9D43F92641C6BF0063DA29 /* Sources */,
				FF9D43FA2641C6BF0063DA29 /* Frameworks */,
				FF9D43FB2641C6BF0063DA29 /* Resources */,
			);
			buildRules = (
			);
			dependencies = (
			);
			name = "l&sscreen";
			productName = "l&sscreen";
			productReference = FF9D43FD2641C6BF0063DA29 /* l&sscreen.app */;
			productType = "com.apple.product-type.application";
		};
		FF9D44122641C6C20063DA29 /* l&sscreenTests */ = {
			isa = PBXNativeTarget;
			buildConfigurationList = FF9D442A2641C6C20063DA29 /* Build configuration list for PBXNativeTarget "l&sscreenTests" */;
			buildPhases = (
				FF9D440F2641C6C20063DA29 /* Sources */,
				FF9D44102641C6C20063DA29 /* Frameworks */,
				FF9D44112641C6C20063DA29 /* Resources */,
			);
			buildRules = (
			);
			dependencies = (
				FF9D44152641C6C20063DA29 /* PBXTargetDependency */,
			);
			name = "l&sscreenTests";
			productName = "l&sscreenTests";
			productReference = FF9D44132641C6C20063DA29 /* l&sscreenTests.xctest */;
			productType = "com.apple.product-type.bundle.unit-test";
		};
		FF9D441D2641C6C20063DA29 /* l&sscreenUITests */ = {
			isa = PBXNativeTarget;
			buildConfigurationList = FF9D442D2641C6C20063DA29 /* Build configuration list for PBXNativeTarget "l&sscreenUITests" */;
			buildPhases = (
				FF9D441A2641C6C20063DA29 /* Sources */,
				FF9D441B2641C6C20063DA29 /* Frameworks */,
				FF9D441C2641C6C20063DA29 /* Resources */,
			);
			buildRules = (
			);
			dependencies = (
				FF9D44202641C6C20063DA29 /* PBXTargetDependency */,
			);
			name = "l&sscreenUITests";
			productName = "l&sscreenUITests";
			productReference = FF9D441E2641C6C20063DA29 /* l&sscreenUITests.xctest */;
			productType = "com.apple.product-type.bundle.ui-testing";
		};
/* End PBXNativeTarget section */

/* Begin PBXProject section */
		FF9D43F52641C6BF0063DA29 /* Project object */ = {
			isa = PBXProject;
			attributes = {
				LastSwiftUpdateCheck = 1250;
				LastUpgradeCheck = 1250;
				TargetAttributes = {
					FF9D43FC2641C6BF0063DA29 = {
						CreatedOnToolsVersion = 12.5;
					};
					FF9D44122641C6C20063DA29 = {
						CreatedOnToolsVersion = 12.5;
						TestTargetID = FF9D43FC2641C6BF0063DA29;
					};
					FF9D441D2641C6C20063DA29 = {
						CreatedOnToolsVersion = 12.5;
						TestTargetID = FF9D43FC2641C6BF0063DA29;
					};
				};
			};
			buildConfigurationList = FF9D43F82641C6BF0063DA29 /* Build configuration list for PBXProject "l&sscreen" */;
			compatibilityVersion = "Xcode 9.3";
			developmentRegion = en;
			hasScannedForEncodings = 0;
			knownRegions = (
				en,
				Base,
			);
			mainGroup = FF9D43F42641C6BF0063DA29;
			productRefGroup = FF9D43FE2641C6BF0063DA29 /* Products */;
			projectDirPath = "";
			projectRoot = "";
			targets = (
				FF9D43FC2641C6BF0063DA29 /* l&sscreen */,
				FF9D44122641C6C20063DA29 /* l&sscreenTests */,
				FF9D441D2641C6C20063DA29 /* l&sscreenUITests */,
			);
		};
/* End PBXProject section */

/* Begin PBXResourcesBuildPhase section */
		FF9D43FB2641C6BF0063DA29 /* Resources */ = {
			isa = PBXResourcesBuildPhase;
			buildActionMask = 2147483647;
			files = (
				FF9D440D2641C6C20063DA29 /* LaunchScreen.storyboard in Resources */,
				FF9D440A2641C6C20063DA29 /* Assets.xcassets in Resources */,
				FF9D44082641C6BF0063DA29 /* Main.storyboard in Resources */,
			);
			runOnlyForDeploymentPostprocessing = 0;
		};
		FF9D44112641C6C20063DA29 /* Resources */ = {
			isa = PBXResourcesBuildPhase;
			buildActionMask = 2147483647;
			files = (
			);
			runOnlyForDeploymentPostprocessing = 0;
		};
		FF9D441C2641C6C20063DA29 /* Resources */ = {
			isa = PBXResourcesBuildPhase;
			buildActionMask = 2147483647;
			files = (
			);
			runOnlyForDeploymentPostprocessing = 0;
		};
/* End PBXResourcesBuildPhase section */

/* Begin PBXSourcesBuildPhase section */
		FF9D43F92641C6BF0063DA29 /* Sources */ = {
			isa = PBXSourcesBuildPhase;
			buildActionMask = 2147483647;
			files = (
				FF9D44052641C6BF0063DA29 /* ViewController.swift in Sources */,
				FF9D44012641C6BF0063DA29 /* AppDelegate.swift in Sources */,
				FF9D44032641C6BF0063DA29 /* SceneDelegate.swift in Sources */,
			);
			runOnlyForDeploymentPostprocessing = 0;
		};
		FF9D440F2641C6C20063DA29 /* Sources */ = {
			isa = PBXSourcesBuildPhase;
			buildActionMask = 2147483647;
			files = (
				FF9D44182641C6C20063DA29 /* l_sscreenTests.swift in Sources */,
			);
			runOnlyForDeploymentPostprocessing = 0;
		};
		FF9D441A2641C6C20063DA29 /* Sources */ = {
			isa = PBXSourcesBuildPhase;
			buildActionMask = 2147483647;
			files = (
				FF9D44232641C6C20063DA29 /* l_sscreenUITests.swift in Sources */,
			);
			runOnlyForDeploymentPostprocessing = 0;
		};
/* End PBXSourcesBuildPhase section */

/* Begin PBXTargetDependency section */
		FF9D44152641C6C20063DA29 /* PBXTargetDependency */ = {
			isa = PBXTargetDependency;
			target = FF9D43FC2641C6BF0063DA29 /* l&sscreen */;
			targetProxy = FF9D44142641C6C20063DA29 /* PBXContainerItemProxy */;
		};
		FF9D44202641C6C20063DA29 /* PBXTargetDependency */ = {
			isa = PBXTargetDependency;
			target = FF9D43FC2641C6BF0063DA29 /* l&sscreen */;
			targetProxy = FF9D441F2641C6C20063DA29 /* PBXContainerItemProxy */;
		};
/* End PBXTargetDependency section */

/* Begin PBXVariantGroup section */
		FF9D44062641C6BF0063DA29 /* Main.storyboard */ = {
			isa = PBXVariantGroup;
			children = (
				FF9D44072641C6BF0063DA29 /* Base */,
			);
			name = Main.storyboard;
			sourceTree = "<group>";
		};
		FF9D440B2641C6C20063DA29 /* LaunchScreen.storyboard */ = {
			isa = PBXVariantGroup;
			children = (
				FF9D440C2641C6C20063DA29 /* Base */,
			);
			name = LaunchScreen.storyboard;
			sourceTree = "<group>";
		};
/* End PBXVariantGroup section */

/* Begin XCBuildConfiguration section */
		FF9D44252641C6C20063DA29 /* Debug */ = {
			isa = XCBuildConfiguration;
			buildSettings = {
				ALWAYS_SEARCH_USER_PATHS = NO;
				CLANG_ANALYZER_NONNULL = YES;
				CLANG_ANALYZER_NUMBER_OBJECT_CONVERSION = YES_AGGRESSIVE;
				CLANG_CXX_LANGUAGE_STANDARD = "gnu++14";
				CLANG_CXX_LIBRARY = "libc++";
				CLANG_ENABLE_MODULES = YES;
				CLANG_ENABLE_OBJC_ARC = YES;
				CLANG_ENABLE_OBJC_WEAK = YES;
				CLANG_WARN_BLOCK_CAPTURE_AUTORELEASING = YES;
				CLANG_WARN_BOOL_CONVERSION = YES;
				CLANG_WARN_COMMA = YES;
				CLANG_WARN_CONSTANT_CONVERSION = YES;
				CLANG_WARN_DEPRECATED_OBJC_IMPLEMENTATIONS = YES;
				CLANG_WARN_DIRECT_OBJC_ISA_USAGE = YES_ERROR;
				CLANG_WARN_DOCUMENTATION_COMMENTS = YES;
				CLANG_WARN_EMPTY_BODY = YES;
				CLANG_WARN_ENUM_CONVERSION = YES;
				CLANG_WARN_INFINITE_RECURSION = YES;
				CLANG_WARN_INT_CONVERSION = YES;
				CLANG_WARN_NON_LITERAL_NULL_CONVERSION = YES;
				CLANG_WARN_OBJC_IMPLICIT_RETAIN_SELF = YES;
				CLANG_WARN_OBJC_LITERAL_CONVERSION = YES;
				CLANG_WARN_OBJC_ROOT_CLASS = YES_ERROR;
				CLANG_WARN_QUOTED_INCLUDE_IN_FRAMEWORK_HEADER = YES;
				CLANG_WARN_RANGE_LOOP_ANALYSIS = YES;
				CLANG_WARN_STRICT_PROTOTYPES = YES;
				CLANG_WARN_SUSPICIOUS_MOVE = YES;
				CLANG_WARN_UNGUARDED_AVAILABILITY = YES_AGGRESSIVE;
				CLANG_WARN_UNREACHABLE_CODE = YES;
				CLANG_WARN__DUPLICATE_METHOD_MATCH = YES;
				COPY_PHASE_STRIP = NO;
				DEBUG_INFORMATION_FORMAT = dwarf;
				ENABLE_STRICT_OBJC_MSGSEND = YES;
				ENABLE_TESTABILITY = YES;
				GCC_C_LANGUAGE_STANDARD = gnu11;
				GCC_DYNAMIC_NO_PIC = NO;
				GCC_NO_COMMON_BLOCKS = YES;
				GCC_OPTIMIZATION_LEVEL = 0;
				GCC_PREPROCESSOR_DEFINITIONS = (
					"DEBUG=1",
					"$(inherited)",
				);
				GCC_WARN_64_TO_32_BIT_CONVERSION = YES;
				GCC_WARN_ABOUT_RETURN_TYPE = YES_ERROR;
				GCC_WARN_UNDECLARED_SELECTOR = YES;
				GCC_WARN_UNINITIALIZED_AUTOS = YES_AGGRESSIVE;
				GCC_WARN_UNUSED_FUNCTION = YES;
				GCC_WARN_UNUSED_VARIABLE = YES;
				IPHONEOS_DEPLOYMENT_TARGET = 14.5;
				MTL_ENABLE_DEBUG_INFO = INCLUDE_SOURCE;
				MTL_FAST_MATH = YES;
				ONLY_ACTIVE_ARCH = YES;
				SDKROOT = iphoneos;
				SWIFT_ACTIVE_COMPILATION_CONDITIONS = DEBUG;
				SWIFT_OPTIMIZATION_LEVEL = "-Onone";
			};
			name = Debug;
		};
		FF9D44262641C6C20063DA29 /* Release */ = {
			isa = XCBuildConfiguration;
			buildSettings = {
				ALWAYS_SEARCH_USER_PATHS = NO;
				CLANG_ANALYZER_NONNULL = YES;
				CLANG_ANALYZER_NUMBER_OBJECT_CONVERSION = YES_AGGRESSIVE;
				CLANG_CXX_LANGUAGE_STANDARD = "gnu++14";
				CLANG_CXX_LIBRARY = "libc++";
				CLANG_ENABLE_MODULES = YES;
				CLANG_ENABLE_OBJC_ARC = YES;
				CLANG_ENABLE_OBJC_WEAK = YES;
				CLANG_WARN_BLOCK_CAPTURE_AUTORELEASING = YES;
				CLANG_WARN_BOOL_CONVERSION = YES;
				CLANG_WARN_COMMA = YES;
				CLANG_WARN_CONSTANT_CONVERSION = YES;
				CLANG_WARN_DEPRECATED_OBJC_IMPLEMENTATIONS = YES;
				CLANG_WARN_DIRECT_OBJC_ISA_USAGE = YES_ERROR;
				CLANG_WARN_DOCUMENTATION_COMMENTS = YES;
				CLANG_WARN_EMPTY_BODY = YES;
				CLANG_WARN_ENUM_CONVERSION = YES;
				CLANG_WARN_INFINITE_RECURSION = YES;
				CLANG_WARN_INT_CONVERSION = YES;
				CLANG_WARN_NON_LITERAL_NULL_CONVERSION = YES;
				CLANG_WARN_OBJC_IMPLICIT_RETAIN_SELF = YES;
				CLANG_WARN_OBJC_LITERAL_CONVERSION = YES;
				CLANG_WARN_OBJC_ROOT_CLASS = YES_ERROR;
				CLANG_WARN_QUOTED_INCLUDE_IN_FRAMEWORK_HEADER = YES;
				CLANG_WARN_RANGE_LOOP_ANALYSIS = YES;
				CLANG_WARN_STRICT_PROTOTYPES = YES;
				CLANG_WARN_SUSPICIOUS_MOVE = YES;
				CLANG_WARN_UNGUARDED_AVAILABILITY = YES_AGGRESSIVE;
				CLANG_WARN_UNREACHABLE_CODE = YES;
				CLANG_WARN__DUPLICATE_METHOD_MATCH = YES;
				COPY_PHASE_STRIP = NO;
				DEBUG_INFORMATION_FORMAT = "dwarf-with-dsym";
				ENABLE_NS_ASSERTIONS = NO;
				ENABLE_STRICT_OBJC_MSGSEND = YES;
				GCC_C_LANGUAGE_STANDARD = gnu11;
				GCC_NO_COMMON_BLOCKS = YES;
				GCC_WARN_64_TO_32_BIT_CONVERSION = YES;
				GCC_WARN_ABOUT_RETURN_TYPE = YES_ERROR;
				GCC_WARN_UNDECLARED_SELECTOR = YES;
				GCC_WARN_UNINITIALIZED_AUTOS = YES_AGGRESSIVE;
				GCC_WARN_UNUSED_FUNCTION = YES;
				GCC_WARN_UNUSED_VARIABLE = YES;
				IPHONEOS_DEPLOYMENT_TARGET = 14.5;
				MTL_ENABLE_DEBUG_INFO = NO;
				MTL_FAST_MATH = YES;
				SDKROOT = iphoneos;
				SWIFT_COMPILATION_MODE = wholemodule;
				SWIFT_OPTIMIZATION_LEVEL = "-O";
				VALIDATE_PRODUCT = YES;
			};
			name = Release;
		};
		FF9D44282641C6C20063DA29 /* Debug */ = {
			isa = XCBuildConfiguration;
			buildSettings = {
				ASSETCATALOG_COMPILER_APPICON_NAME = AppIcon;
				ASSETCATALOG_COMPILER_GLOBAL_ACCENT_COLOR_NAME = AccentColor;
				CODE_SIGN_STYLE = Automatic;
				DEVELOPMENT_TEAM = LQHW9B89QF;
				INFOPLIST_FILE = "l&sscreen/Info.plist";
				LD_RUNPATH_SEARCH_PATHS = (
					"$(inherited)",
					"@executable_path/Frameworks",
				);
				PRODUCT_BUNDLE_IDENTIFIER = "com.bts.l-sscreen";
				PRODUCT_NAME = "$(TARGET_NAME)";
				SWIFT_VERSION = 5.0;
				TARGETED_DEVICE_FAMILY = "1,2";
			};
			name = Debug;
		};
		FF9D44292641C6C20063DA29 /* Release */ = {
			isa = XCBuildConfiguration;
			buildSettings = {
				ASSETCATALOG_COMPILER_APPICON_NAME = AppIcon;
				ASSETCATALOG_COMPILER_GLOBAL_ACCENT_COLOR_NAME = AccentColor;
				CODE_SIGN_STYLE = Automatic;
				DEVELOPMENT_TEAM = LQHW9B89QF;
				INFOPLIST_FILE = "l&sscreen/Info.plist";
				LD_RUNPATH_SEARCH_PATHS = (
					"$(inherited)",
					"@executable_path/Frameworks",
				);
				PRODUCT_BUNDLE_IDENTIFIER = "com.bts.l-sscreen";
				PRODUCT_NAME = "$(TARGET_NAME)";
				SWIFT_VERSION = 5.0;
				TARGETED_DEVICE_FAMILY = "1,2";
			};
			name = Release;
		};
		FF9D442B2641C6C20063DA29 /* Debug */ = {
			isa = XCBuildConfiguration;
			buildSettings = {
				ALWAYS_EMBED_SWIFT_STANDARD_LIBRARIES = YES;
				BUNDLE_LOADER = "$(TEST_HOST)";
				CODE_SIGN_STYLE = Automatic;
				DEVELOPMENT_TEAM = LQHW9B89QF;
				INFOPLIST_FILE = "l&sscreenTests/Info.plist";
				IPHONEOS_DEPLOYMENT_TARGET = 14.5;
				LD_RUNPATH_SEARCH_PATHS = (
					"$(inherited)",
					"@executable_path/Frameworks",
					"@loader_path/Frameworks",
				);
				PRODUCT_BUNDLE_IDENTIFIER = "com.bts.l-sscreenTests";
				PRODUCT_NAME = "$(TARGET_NAME)";
				SWIFT_VERSION = 5.0;
				TARGETED_DEVICE_FAMILY = "1,2";
				TEST_HOST = "$(BUILT_PRODUCTS_DIR)/l&sscreen.app/l&sscreen";
			};
			name = Debug;
		};
		FF9D442C2641C6C20063DA29 /* Release */ = {
			isa = XCBuildConfiguration;
			buildSettings = {
				ALWAYS_EMBED_SWIFT_STANDARD_LIBRARIES = YES;
				BUNDLE_LOADER = "$(TEST_HOST)";
				CODE_SIGN_STYLE = Automatic;
				DEVELOPMENT_TEAM = LQHW9B89QF;
				INFOPLIST_FILE = "l&sscreenTests/Info.plist";
				IPHONEOS_DEPLOYMENT_TARGET = 14.5;
				LD_RUNPATH_SEARCH_PATHS = (
					"$(inherited)",
					"@executable_path/Frameworks",
					"@loader_path/Frameworks",
				);
				PRODUCT_BUNDLE_IDENTIFIER = "com.bts.l-sscreenTests";
				PRODUCT_NAME = "$(TARGET_NAME)";
				SWIFT_VERSION = 5.0;
				TARGETED_DEVICE_FAMILY = "1,2";
				TEST_HOST = "$(BUILT_PRODUCTS_DIR)/l&sscreen.app/l&sscreen";
			};
			name = Release;
		};
		FF9D442E2641C6C20063DA29 /* Debug */ = {
			isa = XCBuildConfiguration;
			buildSettings = {
				ALWAYS_EMBED_SWIFT_STANDARD_LIBRARIES = YES;
				CODE_SIGN_STYLE = Automatic;
				DEVELOPMENT_TEAM = LQHW9B89QF;
				INFOPLIST_FILE = "l&sscreenUITests/Info.plist";
				LD_RUNPATH_SEARCH_PATHS = (
					"$(inherited)",
					"@executable_path/Frameworks",
					"@loader_path/Frameworks",
				);
				PRODUCT_BUNDLE_IDENTIFIER = "com.bts.l-sscreenUITests";
				PRODUCT_NAME = "$(TARGET_NAME)";
				SWIFT_VERSION = 5.0;
				TARGETED_DEVICE_FAMILY = "1,2";
				TEST_TARGET_NAME = "l&sscreen";
			};
			name = Debug;
		};
		FF9D442F2641C6C20063DA29 /* Release */ = {
			isa = XCBuildConfiguration;
			buildSettings = {
				ALWAYS_EMBED_SWIFT_STANDARD_LIBRARIES = YES;
				CODE_SIGN_STYLE = Automatic;
				DEVELOPMENT_TEAM = LQHW9B89QF;
				INFOPLIST_FILE = "l&sscreenUITests/Info.plist";
				LD_RUNPATH_SEARCH_PATHS = (
					"$(inherited)",
					"@executable_path/Frameworks",
					"@loader_path/Frameworks",
				);
				PRODUCT_BUNDLE_IDENTIFIER = "com.bts.l-sscreenUITests";
				PRODUCT_NAME = "$(TARGET_NAME)";
				SWIFT_VERSION = 5.0;
				TARGETED_DEVICE_FAMILY = "1,2";
				TEST_TARGET_NAME = "l&sscreen";
			};
			name = Release;
		};
/* End XCBuildConfiguration section */

/* Begin XCConfigurationList section */
		FF9D43F82641C6BF0063DA29 /* Build configuration list for PBXProject "l&sscreen" */ = {
			isa = XCConfigurationList;
			buildConfigurations = (
				FF9D44252641C6C20063DA29 /* Debug */,
				FF9D44262641C6C20063DA29 /* Release */,
			);
			defaultConfigurationIsVisible = 0;
			defaultConfigurationName = Release;
		};
		FF9D44272641C6C20063DA29 /* Build configuration list for PBXNativeTarget "l&sscreen" */ = {
			isa = XCConfigurationList;
			buildConfigurations = (
				FF9D44282641C6C20063DA29 /* Debug */,
				FF9D44292641C6C20063DA29 /* Release */,
			);
			defaultConfigurationIsVisible = 0;
			defaultConfigurationName = Release;
		};
		FF9D442A2641C6C20063DA29 /* Build configuration list for PBXNativeTarget "l&sscreenTests" */ = {
			isa = XCConfigurationList;
			buildConfigurations = (
				FF9D442B2641C6C20063DA29 /* Debug */,
				FF9D442C2641C6C20063DA29 /* Release */,
			);
			defaultConfigurationIsVisible = 0;
			defaultConfigurationName = Release;
		};
		FF9D442D2641C6C20063DA29 /* Build configuration list for PBXNativeTarget "l&sscreenUITests" */ = {
			isa = XCConfigurationList;
			buildConfigurations = (
				FF9D442E2641C6C20063DA29 /* Debug */,
				FF9D442F2641C6C20063DA29 /* Release */,
			);
			defaultConfigurationIsVisible = 0;
			defaultConfigurationName = Release;
		};
/* End XCConfigurationList section */
	};
	rootObject = FF9D43F52641C6BF0063DA29 /* Project object */;
}
